
Microsoft Visual Studio Solution File, Format Version 12.00
# Visual Studio Version 17
VisualStudioVersion = 17.10.34928.147
MinimumVisualStudioVersion = 10.0.40219.1
Project("{FAE04EC0-301F-11D3-BF4B-00C04F79EFBC}") = "CrudApp", "CrudApp\CrudApp.csproj", "{9B63F91F-8901-4D95-9863-A8338A51A7CC}"
EndProject
Project("{FAE04EC0-301F-11D3-BF4B-00C04F79EFBC}") = "CrudTest", "CrudTest\CrudTest.csproj", "{C34A79C6-2048-413B-9C7B-2806BA521EE2}"
EndProject
Global
	GlobalSection(SolutionConfigurationPlatforms) = preSolution
		Debug|Any CPU = Debug|Any CPU
		Release|Any CPU = Release|Any CPU
	EndGlobalSection
	GlobalSection(ProjectConfigurationPlatforms) = postSolution
		{9B63F91F-8901-4D95-9863-A8338A51A7CC}.Debug|Any CPU.ActiveCfg = Debug|Any CPU
		{9B63F91F-8901-4D95-9863-A8338A51A7CC}.Debug|Any CPU.Build.0 = Debug|Any CPU
		{9B63F91F-8901-4D95-9863-A8338A51A7CC}.Release|Any CPU.ActiveCfg = Release|Any CPU
		{9B63F91F-8901-4D95-9863-A8338A51A7CC}.Release|Any CPU.Build.0 = Release|Any CPU
		{C34A79C6-2048-413B-9C7B-2806BA521EE2}.Debug|Any CPU.ActiveCfg = Debug|Any CPU
		{C34A79C6-2048-413B-9C7B-2806BA521EE2}.Debug|Any CPU.Build.0 = Debug|Any CPU
		{C34A79C6-2048-413B-9C7B-2806BA521EE2}.Release|Any CPU.ActiveCfg = Release|Any CPU
		{C34A79C6-2048-413B-9C7B-2806BA521EE2}.Release|Any CPU.Build.0 = Release|Any CPU
	EndGlobalSection
	GlobalSection(SolutionProperties) = preSolution
		HideSolutionNode = FALSE
	EndGlobalSection
	GlobalSection(ExtensibilityGlobals) = postSolution
		SolutionGuid = {59F5E761-5423-4C9D-A97F-6FA30BF6368B}
	EndGlobalSection
EndGlobal
